# THIS IS AN AUTOGENERATED FILE. DO NOT EDIT THIS FILE DIRECTLY.
# yarn lockfile v1


"@influxdata/oats@0.5.3":
  version "0.5.3"
  resolved "https://registry.yarnpkg.com/@influxdata/oats/-/oats-0.5.3.tgz#eacedf71c802396d981fac447274a5cc34f5d932"
  integrity sha512-OG3kr6p5U+wpa2qny+Cu8CBqHJne9mKEC5ux4JJTnk1eQnfAtNv+DGdz0QH+Ouz/8cqjl2erkPx6RPMGmUYMeA==
  dependencies:
    commander "^2.20.0"
    humps "^2.0.1"
    lodash "^4.17.14"
    swagger-parser "^8.0.0"

argparse@^1.0.7:
  version "1.0.10"
  resolved "https://registry.yarnpkg.com/argparse/-/argparse-1.0.10.tgz#bcd6791ea5ae09725e17e5ad988134cd40b3d911"
  integrity sha512-o5Roy6tNG4SL/FOkCAN6RzjiakZS25RLYFrcMttJqbdd8BWrnA+fGz57iN5Pb06pvBGvl5gQ0B48dJlslXvoTg==
  dependencies:
    sprintf-js "~1.0.2"

call-me-maybe@^1.0.1:
  version "1.0.1"
  resolved "https://registry.yarnpkg.com/call-me-maybe/-/call-me-maybe-1.0.1.tgz#26d208ea89e37b5cbde60250a15f031c16a4d66b"
  integrity sha512-wCyFsDQkKPwwF8BDwOiWNx/9K45L/hvggQiDbve+viMNMQnWhrlYIuBk09offfwCRtCO9P6XwUttufzU11WCVw==

commander@^2.20.0, commander@^2.7.1:
  version "2.20.3"
  resolved "https://registry.yarnpkg.com/commander/-/commander-2.20.3.tgz#fd485e84c03eb4881c20722ba48035e8531aeb33"
  integrity sha512-GpVkmM8vF2vQUkj2LvZmD35JxeJOLCwJ9cUkugyk2nuhbv3+mJvpLYYt+0+USMxE+oj+ey/lJEnhZw75x/OMcQ==

esprima@^4.0.0:
  version "4.0.1"
  resolved "https://registry.yarnpkg.com/esprima/-/esprima-4.0.1.tgz#13b04cdb3e6c5d19df91ab6987a8695619b0aa71"
  integrity sha512-eGuFFw7Upda+g4p+QHvnW0RyTX/SVeJBDM/gCtMARO0cLuT2HcEKnTPvhjV6aGeqrCB/sbNop0Kszm0jsaWU4A==

humps@^2.0.1:
  version "2.0.1"
  resolved "https://registry.yarnpkg.com/humps/-/humps-2.0.1.tgz#dd02ea6081bd0568dc5d073184463957ba9ef9aa"
  integrity sha512-E0eIbrFWUhwfXJmsbdjRQFQPrl5pTEoKlz163j1mTqqUnU9PgR4AgB8AIITzuB3vLBdxZXyZ9TDIrwB2OASz4g==

js-yaml@^3.13.1:
  version "3.14.1"
  resolved "https://registry.yarnpkg.com/js-yaml/-/js-yaml-3.14.1.tgz#dae812fdb3825fa306609a8717383c50c36a0537"
  integrity sha512-okMH7OXXJ7YrN9Ok3/SXrnu4iX9yOk+25nqX4imS2npuvTYDmo/QEZoqwZkYaIDk3jVvBOTOIEgEhaLOynBS9g==
  dependencies:
    argparse "^1.0.7"
    esprima "^4.0.0"

json-schema-ref-parser@^7.1.3:
  version "7.1.4"
  resolved "https://registry.yarnpkg.com/json-schema-ref-parser/-/json-schema-ref-parser-7.1.4.tgz#abb3f2613911e9060dc2268477b40591753facf0"
  integrity sha512-AD7bvav0vak1/63w3jH8F7eHId/4E4EPdMAEZhGxtjktteUv9dnNB/cJy6nVnMyoTPBJnLwFK6tiQPSTeleCtQ==
  dependencies:
    call-me-maybe "^1.0.1"
    js-yaml "^3.13.1"
    ono "^6.0.0"

lodash.get@^4.4.2:
  version "4.4.2"
  resolved "https://registry.yarnpkg.com/lodash.get/-/lodash.get-4.4.2.tgz#2d177f652fa31e939b4438d5341499dfa3825e99"
  integrity sha512-z+Uw/vLuy6gQe8cfaFWD7p0wVv8fJl3mbzXh33RS+0oW2wvUqiRXiQ69gLWSLpgB5/6sU+r6BlQR0MBILadqTQ==

lodash.isequal@^4.5.0:
  version "4.5.0"
  resolved "https://registry.yarnpkg.com/lodash.isequal/-/lodash.isequal-4.5.0.tgz#415c4478f2bcc30120c22ce10ed3226f7d3e18e0"
  integrity sha512-pDo3lu8Jhfjqls6GkMgpahsF9kCyayhgykjyLMNFTKWrpVdAQtYyB4muAMWozBB4ig/dtWAmsMxLEI8wuz+DYQ==

lodash@^4.17.14:
  version "4.17.21"
  resolved "https://registry.yarnpkg.com/lodash/-/lodash-4.17.21.tgz#679591c564c3bffaae8454cf0b3df370c3d6911c"
  integrity sha512-v2kDEe57lecTulaDIuNTPy3Ry4gLGJ6Z1O3vE1krgXZNrsQ+LFTGHVxVjcXPs17LhbZVGedAJv8XZ1tvj5FvSg==

ono@^6.0.0:
  version "6.0.1"
  resolved "https://registry.yarnpkg.com/ono/-/ono-6.0.1.tgz#1bc14ffb8af1e5db3f7397f75b88e4a2d64bbd71"
  integrity sha512-5rdYW/106kHqLeG22GE2MHKq+FlsxMERZev9DCzQX1zwkxnFwBivSn5i17a5O/rDmOJOdf4Wyt80UZljzx9+DA==

openapi-schemas@^1.0.2:
  version "1.0.3"
  resolved "https://registry.yarnpkg.com/openapi-schemas/-/openapi-schemas-1.0.3.tgz#0fa2f19e44ce8a1cdab9c9f616df4babe1aa026b"
  integrity sha512-KtMWcK2VtOS+nD8RKSIyScJsj8JrmVWcIX7Kjx4xEHijFYuvMTDON8WfeKOgeSb4uNG6UsqLj5Na7nKbSav9RQ==

openapi-types@^1.3.5:
  version "1.3.5"
  resolved "https://registry.yarnpkg.com/openapi-types/-/openapi-types-1.3.5.tgz#6718cfbc857fe6c6f1471f65b32bdebb9c10ce40"
  integrity sha512-11oi4zYorsgvg5yBarZplAqbpev5HkuVNPlZaPTknPDzAynq+lnJdXAmruGWP0s+dNYZS7bjM+xrTpJw7184Fg==

prettier@2.7.1:
  version "2.7.1"
  resolved "https://registry.yarnpkg.com/prettier/-/prettier-2.7.1.tgz#e235806850d057f97bb08368a4f7d899f7760c64"
  integrity sha512-ujppO+MkdPqoVINuDFDRLClm7D78qbDt0/NR+wp5FqEZOoTNAjPHWj17QRhu7geIHJfcNhRk1XVQmF8Bp3ye+g==

sprintf-js@~1.0.2:
  version "1.0.3"
  resolved "https://registry.yarnpkg.com/sprintf-js/-/sprintf-js-1.0.3.tgz#04e6926f662895354f3dd015203633b857297e2c"
  integrity sha512-D9cPgkvLlV3t3IzL0D0YLvGA9Ahk4PcvVwUbN0dSGr1aP0Nrt4AEnTUbuGvquEC0mA64Gqt1fzirlRs5ibXx8g==

swagger-methods@^2.0.1:
  version "2.0.2"
  resolved "https://registry.yarnpkg.com/swagger-methods/-/swagger-methods-2.0.2.tgz#5891d5536e54d5ba8e7ae1007acc9170f41c9590"
  integrity sha512-/RNqvBZkH8+3S/FqBPejHxJxZenaYq3MrpeXnzi06aDIS39Mqf5YCUNb/ZBjsvFFt8h9FxfKs8EXPtcYdfLiRg==

swagger-parser@^8.0.0:
  version "8.0.4"
  resolved "https://registry.yarnpkg.com/swagger-parser/-/swagger-parser-8.0.4.tgz#ddec68723d13ee3748dd08fd5b7ba579327595da"
  integrity sha512-KGRdAaMJogSEB7sPKI31ptKIWX8lydEDAwWgB4pBMU7zys5cd54XNhoPSVlTxG/A3LphjX47EBn9j0dOGyzWbA==
  dependencies:
    call-me-maybe "^1.0.1"
    json-schema-ref-parser "^7.1.3"
    ono "^6.0.0"
    openapi-schemas "^1.0.2"
    openapi-types "^1.3.5"
    swagger-methods "^2.0.1"
    z-schema "^4.2.2"

typescript@^4.8.3:
  version "4.8.3"
  resolved "https://registry.yarnpkg.com/typescript/-/typescript-4.8.3.tgz#d59344522c4bc464a65a730ac695007fdb66dd88"
  integrity sha512-goMHfm00nWPa8UvR/CPSvykqf6dVV8x/dp0c5mFTMTIu0u0FlGWRioyy7Nn0PGAdHxpJZnuO/ut+PpQ8UiHAig==

validator@^13.6.0:
  version "13.7.0"
  resolved "https://registry.yarnpkg.com/validator/-/validator-13.7.0.tgz#4f9658ba13ba8f3d82ee881d3516489ea85c0857"
  integrity sha512-nYXQLCBkpJ8X6ltALua9dRrZDHVYxjJ1wgskNt1lH9fzGjs3tgojGSCBjmEPwkWS1y29+DrizMTW19Pr9uB2nw==

z-schema@^4.2.2:
  version "4.2.4"
  resolved "https://registry.yarnpkg.com/z-schema/-/z-schema-4.2.4.tgz#73102a49512179b12a8ec50b1daa676b984da6e4"
  integrity sha512-YvBeW5RGNeNzKOUJs3rTL4+9rpcvHXt5I051FJbOcitV8bl40pEfcG0Q+dWSwS0/BIYrMZ/9HHoqLllMkFhD0w==
  dependencies:
    lodash.get "^4.4.2"
    lodash.isequal "^4.5.0"
    validator "^13.6.0"
  optionalDependencies:
    commander "^2.7.1"
